
Microsoft Visual Studio Solution File, Format Version 12.00
# Visual Studio Version 17
VisualStudioVersion = 17.1.32421.90
MinimumVisualStudioVersion = 10.0.40219.1
Project("{9A19103F-16F7-4668-BE54-9A1E7A4F7556}") = "DotNet6", "DotNet6\DotNet6.csproj", "{7D92DC23-4F2C-4697-A390-09CB2ACEB155}"
EndProject
Project("{FAE04EC0-301F-11D3-BF4B-00C04F79EFBC}") = "DotNetFramework4.8", "DotNetFramework4.8\DotNetFramework4.8.csproj", "{9421BB4A-AA17-4C3C-8B5C-B5783C3579E2}"
EndProject
Global
	GlobalSection(SolutionConfigurationPlatforms) = preSolution
		Debug|Any CPU = Debug|Any CPU
		Release|Any CPU = Release|Any CPU
	EndGlobalSection
	GlobalSection(ProjectConfigurationPlatforms) = postSolution
		{7D92DC23-4F2C-4697-A390-09CB2ACEB155}.Debug|Any CPU.ActiveCfg = Debug|Any CPU
		{7D92DC23-4F2C-4697-A390-09CB2ACEB155}.Debug|Any CPU.Build.0 = Debug|Any CPU
		{7D92DC23-4F2C-4697-A390-09CB2ACEB155}.Release|Any CPU.ActiveCfg = Release|Any CPU
		{7D92DC23-4F2C-4697-A390-09CB2ACEB155}.Release|Any CPU.Build.0 = Release|Any CPU
		{9421BB4A-AA17-4C3C-8B5C-B5783C3579E2}.Debug|Any CPU.ActiveCfg = Debug|Any CPU
		{9421BB4A-AA17-4C3C-8B5C-B5783C3579E2}.Debug|Any CPU.Build.0 = Debug|Any CPU
		{9421BB4A-AA17-4C3C-8B5C-B5783C3579E2}.Release|Any CPU.ActiveCfg = Release|Any CPU
		{9421BB4A-AA17-4C3C-8B5C-B5783C3579E2}.Release|Any CPU.Build.0 = Release|Any CPU
	EndGlobalSection
	GlobalSection(SolutionProperties) = preSolution
		HideSolutionNode = FALSE
	EndGlobalSection
	GlobalSection(ExtensibilityGlobals) = postSolution
		SolutionGuid = {FE642809-C65F-4596-BF66-BE0C6C4EE637}
	EndGlobalSection
EndGlobal
